
Microsoft Visual Studio Solution File, Format Version 12.00
# Visual Studio Version 17
VisualStudioVersion = 17.0.31903.59
MinimumVisualStudioVersion = 10.0.40219.1
Project("{2150E333-8FDC-42A3-9474-1A3956D46DE8}") = "src", "src", "{827E0CD3-B72D-47B6-A68D-7590B98EB39B}"
EndProject
Project("{FAE04EC0-301F-11D3-BF4B-00C04F79EFBC}") = "EventService.Domain", "src\EventService.Domain\EventService.Domain.csproj", "{D371B8DA-22FA-4D9A-A0A2-671964C2CD99}"
EndProject
Project("{FAE04EC0-301F-11D3-BF4B-00C04F79EFBC}") = "EventService.Application", "src\EventService.Application\EventService.Application.csproj", "{09D8B46B-B9A6-4D19-8163-66EC7CF436F8}"
EndProject
Project("{FAE04EC0-301F-11D3-BF4B-00C04F79EFBC}") = "EventService.Infrastructure", "src\EventService.Infrastructure\EventService.Infrastructure.csproj", "{2DBAE74D-0C17-498F-81E3-8FFED2648E50}"
EndProject
Project("{FAE04EC0-301F-11D3-BF4B-00C04F79EFBC}") = "EventService.WebApi", "src\EventService.WebApi\EventService.WebApi.csproj", "{22A381A9-5E33-494B-91C3-1336D2F653BB}"
EndProject
Project("{2150E333-8FDC-42A3-9474-1A3956D46DE8}") = "test", "test", "{0C88DD14-F956-CE84-757C-A364CCF449FC}"
EndProject
Project("{FAE04EC0-301F-11D3-BF4B-00C04F79EFBC}") = "EventService.Tests", "test\EventService.Tests\EventService.Tests.csproj", "{97241B73-BFBF-4585-A0F3-88DC90CD1A57}"
EndProject
Global
	GlobalSection(SolutionConfigurationPlatforms) = preSolution
		Debug|Any CPU = Debug|Any CPU
		Debug|x64 = Debug|x64
		Debug|x86 = Debug|x86
		Release|Any CPU = Release|Any CPU
		Release|x64 = Release|x64
		Release|x86 = Release|x86
	EndGlobalSection
	GlobalSection(ProjectConfigurationPlatforms) = postSolution
		{D371B8DA-22FA-4D9A-A0A2-671964C2CD99}.Debug|Any CPU.ActiveCfg = Debug|Any CPU
		{D371B8DA-22FA-4D9A-A0A2-671964C2CD99}.Debug|Any CPU.Build.0 = Debug|Any CPU
		{D371B8DA-22FA-4D9A-A0A2-671964C2CD99}.Debug|x64.ActiveCfg = Debug|Any CPU
		{D371B8DA-22FA-4D9A-A0A2-671964C2CD99}.Debug|x64.Build.0 = Debug|Any CPU
		{D371B8DA-22FA-4D9A-A0A2-671964C2CD99}.Debug|x86.ActiveCfg = Debug|Any CPU
		{D371B8DA-22FA-4D9A-A0A2-671964C2CD99}.Debug|x86.Build.0 = Debug|Any CPU
		{D371B8DA-22FA-4D9A-A0A2-671964C2CD99}.Release|Any CPU.ActiveCfg = Release|Any CPU
		{D371B8DA-22FA-4D9A-A0A2-671964C2CD99}.Release|Any CPU.Build.0 = Release|Any CPU
		{D371B8DA-22FA-4D9A-A0A2-671964C2CD99}.Release|x64.ActiveCfg = Release|Any CPU
		{D371B8DA-22FA-4D9A-A0A2-671964C2CD99}.Release|x64.Build.0 = Release|Any CPU
		{D371B8DA-22FA-4D9A-A0A2-671964C2CD99}.Release|x86.ActiveCfg = Release|Any CPU
		{D371B8DA-22FA-4D9A-A0A2-671964C2CD99}.Release|x86.Build.0 = Release|Any CPU
		{09D8B46B-B9A6-4D19-8163-66EC7CF436F8}.Debug|Any CPU.ActiveCfg = Debug|Any CPU
		{09D8B46B-B9A6-4D19-8163-66EC7CF436F8}.Debug|Any CPU.Build.0 = Debug|Any CPU
		{09D8B46B-B9A6-4D19-8163-66EC7CF436F8}.Debug|x64.ActiveCfg = Debug|Any CPU
		{09D8B46B-B9A6-4D19-8163-66EC7CF436F8}.Debug|x64.Build.0 = Debug|Any CPU
		{09D8B46B-B9A6-4D19-8163-66EC7CF436F8}.Debug|x86.ActiveCfg = Debug|Any CPU
		{09D8B46B-B9A6-4D19-8163-66EC7CF436F8}.Debug|x86.Build.0 = Debug|Any CPU
		{09D8B46B-B9A6-4D19-8163-66EC7CF436F8}.Release|Any CPU.ActiveCfg = Release|Any CPU
		{09D8B46B-B9A6-4D19-8163-66EC7CF436F8}.Release|Any CPU.Build.0 = Release|Any CPU
		{09D8B46B-B9A6-4D19-8163-66EC7CF436F8}.Release|x64.ActiveCfg = Release|Any CPU
		{09D8B46B-B9A6-4D19-8163-66EC7CF436F8}.Release|x64.Build.0 = Release|Any CPU
		{09D8B46B-B9A6-4D19-8163-66EC7CF436F8}.Release|x86.ActiveCfg = Release|Any CPU
		{09D8B46B-B9A6-4D19-8163-66EC7CF436F8}.Release|x86.Build.0 = Release|Any CPU
		{2DBAE74D-0C17-498F-81E3-8FFED2648E50}.Debug|Any CPU.ActiveCfg = Debug|Any CPU
		{2DBAE74D-0C17-498F-81E3-8FFED2648E50}.Debug|Any CPU.Build.0 = Debug|Any CPU
		{2DBAE74D-0C17-498F-81E3-8FFED2648E50}.Debug|x64.ActiveCfg = Debug|Any CPU
		{2DBAE74D-0C17-498F-81E3-8FFED2648E50}.Debug|x64.Build.0 = Debug|Any CPU
		{2DBAE74D-0C17-498F-81E3-8FFED2648E50}.Debug|x86.ActiveCfg = Debug|Any CPU
		{2DBAE74D-0C17-498F-81E3-8FFED2648E50}.Debug|x86.Build.0 = Debug|Any CPU
		{2DBAE74D-0C17-498F-81E3-8FFED2648E50}.Release|Any CPU.ActiveCfg = Release|Any CPU
		{2DBAE74D-0C17-498F-81E3-8FFED2648E50}.Release|Any CPU.Build.0 = Release|Any CPU
		{2DBAE74D-0C17-498F-81E3-8FFED2648E50}.Release|x64.ActiveCfg = Release|Any CPU
		{2DBAE74D-0C17-498F-81E3-8FFED2648E50}.Release|x64.Build.0 = Release|Any CPU
		{2DBAE74D-0C17-498F-81E3-8FFED2648E50}.Release|x86.ActiveCfg = Release|Any CPU
		{2DBAE74D-0C17-498F-81E3-8FFED2648E50}.Release|x86.Build.0 = Release|Any CPU
		{22A381A9-5E33-494B-91C3-1336D2F653BB}.Debug|Any CPU.ActiveCfg = Debug|Any CPU
		{22A381A9-5E33-494B-91C3-1336D2F653BB}.Debug|Any CPU.Build.0 = Debug|Any CPU
		{22A381A9-5E33-494B-91C3-1336D2F653BB}.Debug|x64.ActiveCfg = Debug|Any CPU
		{22A381A9-5E33-494B-91C3-1336D2F653BB}.Debug|x64.Build.0 = Debug|Any CPU
		{22A381A9-5E33-494B-91C3-1336D2F653BB}.Debug|x86.ActiveCfg = Debug|Any CPU
		{22A381A9-5E33-494B-91C3-1336D2F653BB}.Debug|x86.Build.0 = Debug|Any CPU
		{22A381A9-5E33-494B-91C3-1336D2F653BB}.Release|Any CPU.ActiveCfg = Release|Any CPU
		{22A381A9-5E33-494B-91C3-1336D2F653BB}.Release|Any CPU.Build.0 = Release|Any CPU
		{22A381A9-5E33-494B-91C3-1336D2F653BB}.Release|x64.ActiveCfg = Release|Any CPU
		{22A381A9-5E33-494B-91C3-1336D2F653BB}.Release|x64.Build.0 = Release|Any CPU
		{22A381A9-5E33-494B-91C3-1336D2F653BB}.Release|x86.ActiveCfg = Release|Any CPU
		{22A381A9-5E33-494B-91C3-1336D2F653BB}.Release|x86.Build.0 = Release|Any CPU
		{97241B73-BFBF-4585-A0F3-88DC90CD1A57}.Debug|Any CPU.ActiveCfg = Debug|Any CPU
		{97241B73-BFBF-4585-A0F3-88DC90CD1A57}.Debug|Any CPU.Build.0 = Debug|Any CPU
		{97241B73-BFBF-4585-A0F3-88DC90CD1A57}.Debug|x64.ActiveCfg = Debug|Any CPU
		{97241B73-BFBF-4585-A0F3-88DC90CD1A57}.Debug|x64.Build.0 = Debug|Any CPU
		{97241B73-BFBF-4585-A0F3-88DC90CD1A57}.Debug|x86.ActiveCfg = Debug|Any CPU
		{97241B73-BFBF-4585-A0F3-88DC90CD1A57}.Debug|x86.Build.0 = Debug|Any CPU
		{97241B73-BFBF-4585-A0F3-88DC90CD1A57}.Release|Any CPU.ActiveCfg = Release|Any CPU
		{97241B73-BFBF-4585-A0F3-88DC90CD1A57}.Release|Any CPU.Build.0 = Release|Any CPU
		{97241B73-BFBF-4585-A0F3-88DC90CD1A57}.Release|x64.ActiveCfg = Release|Any CPU
		{97241B73-BFBF-4585-A0F3-88DC90CD1A57}.Release|x64.Build.0 = Release|Any CPU
		{97241B73-BFBF-4585-A0F3-88DC90CD1A57}.Release|x86.ActiveCfg = Release|Any CPU
		{97241B73-BFBF-4585-A0F3-88DC90CD1A57}.Release|x86.Build.0 = Release|Any CPU
	EndGlobalSection
	GlobalSection(SolutionProperties) = preSolution
		HideSolutionNode = FALSE
	EndGlobalSection
	GlobalSection(NestedProjects) = preSolution
		{D371B8DA-22FA-4D9A-A0A2-671964C2CD99} = {827E0CD3-B72D-47B6-A68D-7590B98EB39B}
		{09D8B46B-B9A6-4D19-8163-66EC7CF436F8} = {827E0CD3-B72D-47B6-A68D-7590B98EB39B}
		{2DBAE74D-0C17-498F-81E3-8FFED2648E50} = {827E0CD3-B72D-47B6-A68D-7590B98EB39B}
		{22A381A9-5E33-494B-91C3-1336D2F653BB} = {827E0CD3-B72D-47B6-A68D-7590B98EB39B}
		{97241B73-BFBF-4585-A0F3-88DC90CD1A57} = {0C88DD14-F956-CE84-757C-A364CCF449FC}
	EndGlobalSection
EndGlobal
